// !$*UTF8*$!
{
	archiveVersion = 1;
	classes = {
	};
	objectVersion = 50;
	objects = {

/* Begin PBXBuildFile section */
		AE1EDE4922B4C9F10035384E /* AppDelegate.swift in Sources */ = {isa = PBXBuildFile; fileRef = AE1EDE4822B4C9F10035384E /* AppDelegate.swift */; };
		AE1EDE4B22B4C9F10035384E /* ViewController.swift in Sources */ = {isa = PBXBuildFile; fileRef = AE1EDE4A22B4C9F10035384E /* ViewController.swift */; };
		AE1EDE4E22B4C9F10035384E /* Main.storyboard in Resources */ = {isa = PBXBuildFile; fileRef = AE1EDE4C22B4C9F10035384E /* Main.storyboard */; };
		AE1EDE5022B4C9F30035384E /* Assets.xcassets in Resources */ = {isa = PBXBuildFile; fileRef = AE1EDE4F22B4C9F30035384E /* Assets.xcassets */; };
		AE1EDE5322B4C9F30035384E /* LaunchScreen.storyboard in Resources */ = {isa = PBXBuildFile; fileRef = AE1EDE5122B4C9F30035384E /* LaunchScreen.storyboard */; };
		AE1EDE5E22B4C9F30035384E /* ReMemberTests.swift in Sources */ = {isa = PBXBuildFile; fileRef = AE1EDE5D22B4C9F30035384E /* ReMemberTests.swift */; };
		AE1EDE6922B4C9F30035384E /* ReMemberUITests.swift in Sources */ = {isa = PBXBuildFile; fileRef = AE1EDE6822B4C9F30035384E /* ReMemberUITests.swift */; };
/* End PBXBuildFile section */

/* Begin PBXContainerItemProxy section */
		AE1EDE5A22B4C9F30035384E /* PBXContainerItemProxy */ = {
			isa = PBXContainerItemProxy;
			containerPortal = AE1EDE3D22B4C9F10035384E /* Project object */;
			proxyType = 1;
			remoteGlobalIDString = AE1EDE4422B4C9F10035384E;
			remoteInfo = ReMember;
		};
		AE1EDE6522B4C9F30035384E /* PBXContainerItemProxy */ = {
			isa = PBXContainerItemProxy;
			containerPortal = AE1EDE3D22B4C9F10035384E /* Project object */;
			proxyType = 1;
			remoteGlobalIDString = AE1EDE4422B4C9F10035384E;
			remoteInfo = ReMember;
		};
/* End PBXContainerItemProxy section */

/* Begin PBXFileReference section */
		AE1EDE4522B4C9F10035384E /* ReMember.app */ = {isa = PBXFileReference; explicitFileType = wrapper.application; includeInIndex = 0; path = ReMember.app; sourceTree = BUILT_PRODUCTS_DIR; };
		AE1EDE4822B4C9F10035384E /* AppDelegate.swift */ = {isa = PBXFileReference; lastKnownFileType = sourcecode.swift; path = AppDelegate.swift; sourceTree = "<group>"; };
		AE1EDE4A22B4C9F10035384E /* ViewController.swift */ = {isa = PBXFileReference; lastKnownFileType = sourcecode.swift; path = ViewController.swift; sourceTree = "<group>"; };
		AE1EDE4D22B4C9F10035384E /* Base */ = {isa = PBXFileReference; lastKnownFileType = file.storyboard; name = Base; path = Base.lproj/Main.storyboard; sourceTree = "<group>"; };
		AE1EDE4F22B4C9F30035384E /* Assets.xcassets */ = {isa = PBXFileReference; lastKnownFileType = folder.assetcatalog; path = Assets.xcassets; sourceTree = "<group>"; };
		AE1EDE5222B4C9F30035384E /* Base */ = {isa = PBXFileReference; lastKnownFileType = file.storyboard; name = Base; path = Base.lproj/LaunchScreen.storyboard; sourceTree = "<group>"; };
		AE1EDE5422B4C9F30035384E /* Info.plist */ = {isa = PBXFileReference; lastKnownFileType = text.plist.xml; path = Info.plist; sourceTree = "<group>"; };
		AE1EDE5922B4C9F30035384E /* ReMemberTests.xctest */ = {isa = PBXFileReference; explicitFileType = wrapper.cfbundle; includeInIndex = 0; path = ReMemberTests.xctest; sourceTree = BUILT_PRODUCTS_DIR; };
		AE1EDE5D22B4C9F30035384E /* ReMemberTests.swift */ = {isa = PBXFileReference; lastKnownFileType = sourcecode.swift; path = ReMemberTests.swift; sourceTree = "<group>"; };
		AE1EDE5F22B4C9F30035384E /* Info.plist */ = {isa = PBXFileReference; lastKnownFileType = text.plist.xml; path = Info.plist; sourceTree = "<group>"; };
		AE1EDE6422B4C9F30035384E /* ReMemberUITests.xctest */ = {isa = PBXFileReference; explicitFileType = wrapper.cfbundle; includeInIndex = 0; path = ReMemberUITests.xctest; sourceTree = BUILT_PRODUCTS_DIR; };
		AE1EDE6822B4C9F30035384E /* ReMemberUITests.swift */ = {isa = PBXFileReference; lastKnownFileType = sourcecode.swift; path = ReMemberUITests.swift; sourceTree = "<group>"; };
		AE1EDE6A22B4C9F30035384E /* Info.plist */ = {isa = PBXFileReference; lastKnownFileType = text.plist.xml; path = Info.plist; sourceTree = "<group>"; };
/* End PBXFileReference section */

/* Begin PBXFrameworksBuildPhase section */
		AE1EDE4222B4C9F10035384E /* Frameworks */ = {
			isa = PBXFrameworksBuildPhase;
			buildActionMask = 2147483647;
			files = (
			);
			runOnlyForDeploymentPostprocessing = 0;
		};
		AE1EDE5622B4C9F30035384E /* Frameworks */ = {
			isa = PBXFrameworksBuildPhase;
			buildActionMask = 2147483647;
			files = (
			);
			runOnlyForDeploymentPostprocessing = 0;
		};
		AE1EDE6122B4C9F30035384E /* Frameworks */ = {
			isa = PBXFrameworksBuildPhase;
			buildActionMask = 2147483647;
			files = (
			);
			runOnlyForDeploymentPostprocessing = 0;
		};
/* End PBXFrameworksBuildPhase section */

/* Begin PBXGroup section */
		AE1EDE3C22B4C9F10035384E = {
			isa = PBXGroup;
			children = (
				AE1EDE4722B4C9F10035384E /* ReMember */,
				AE1EDE5C22B4C9F30035384E /* ReMemberTests */,
				AE1EDE6722B4C9F30035384E /* ReMemberUITests */,
				AE1EDE4622B4C9F10035384E /* Products */,
			);
			sourceTree = "<group>";
		};
		AE1EDE4622B4C9F10035384E /* Products */ = {
			isa = PBXGroup;
			children = (
				AE1EDE4522B4C9F10035384E /* ReMember.app */,
				AE1EDE5922B4C9F30035384E /* ReMemberTests.xctest */,
				AE1EDE6422B4C9F30035384E /* ReMemberUITests.xctest */,
			);
			name = Products;
			sourceTree = "<group>";
		};
		AE1EDE4722B4C9F10035384E /* ReMember */ = {
			isa = PBXGroup;
			children = (
				AE1EDE4822B4C9F10035384E /* AppDelegate.swift */,
				AE1EDE4A22B4C9F10035384E /* ViewController.swift */,
				AE1EDE4C22B4C9F10035384E /* Main.storyboard */,
				AE1EDE4F22B4C9F30035384E /* Assets.xcassets */,
				AE1EDE5122B4C9F30035384E /* LaunchScreen.storyboard */,
				AE1EDE5422B4C9F30035384E /* Info.plist */,
			);
			path = ReMember;
			sourceTree = "<group>";
		};
		AE1EDE5C22B4C9F30035384E /* ReMemberTests */ = {
			isa = PBXGroup;
			children = (
				AE1EDE5D22B4C9F30035384E /* ReMemberTests.swift */,
				AE1EDE5F22B4C9F30035384E /* Info.plist */,
			);
			path = ReMemberTests;
			sourceTree = "<group>";
		};
		AE1EDE6722B4C9F30035384E /* ReMemberUITests */ = {
			isa = PBXGroup;
			children = (
				AE1EDE6822B4C9F30035384E /* ReMemberUITests.swift */,
				AE1EDE6A22B4C9F30035384E /* Info.plist */,
			);
			path = ReMemberUITests;
			sourceTree = "<group>";
		};
/* End PBXGroup section */

/* Begin PBXNativeTarget section */
		AE1EDE4422B4C9F10035384E /* ReMember */ = {
			isa = PBXNativeTarget;
			buildConfigurationList = AE1EDE6D22B4C9F30035384E /* Build configuration list for PBXNativeTarget "ReMember" */;
			buildPhases = (
				AE1EDE4122B4C9F10035384E /* Sources */,
				AE1EDE4222B4C9F10035384E /* Frameworks */,
				AE1EDE4322B4C9F10035384E /* Resources */,
			);
			buildRules = (
			);
			dependencies = (
			);
			name = ReMember;
			productName = ReMember;
			productReference = AE1EDE4522B4C9F10035384E /* ReMember.app */;
			productType = "com.apple.product-type.application";
		};
		AE1EDE5822B4C9F30035384E /* ReMemberTests */ = {
			isa = PBXNativeTarget;
			buildConfigurationList = AE1EDE7022B4C9F30035384E /* Build configuration list for PBXNativeTarget "ReMemberTests" */;
			buildPhases = (
				AE1EDE5522B4C9F30035384E /* Sources */,
				AE1EDE5622B4C9F30035384E /* Frameworks */,
				AE1EDE5722B4C9F30035384E /* Resources */,
			);
			buildRules = (
			);
			dependencies = (
				AE1EDE5B22B4C9F30035384E /* PBXTargetDependency */,
			);
			name = ReMemberTests;
			productName = ReMemberTests;
			productReference = AE1EDE5922B4C9F30035384E /* ReMemberTests.xctest */;
			productType = "com.apple.product-type.bundle.unit-test";
		};
		AE1EDE6322B4C9F30035384E /* ReMemberUITests */ = {
			isa = PBXNativeTarget;
			buildConfigurationList = AE1EDE7322B4C9F30035384E /* Build configuration list for PBXNativeTarget "ReMemberUITests" */;
			buildPhases = (
				AE1EDE6022B4C9F30035384E /* Sources */,
				AE1EDE6122B4C9F30035384E /* Frameworks */,
				AE1EDE6222B4C9F30035384E /* Resources */,
			);
			buildRules = (
			);
			dependencies = (
				AE1EDE6622B4C9F30035384E /* PBXTargetDependency */,
			);
			name = ReMemberUITests;
			productName = ReMemberUITests;
			productReference = AE1EDE6422B4C9F30035384E /* ReMemberUITests.xctest */;
			productType = "com.apple.product-type.bundle.ui-testing";
		};
/* End PBXNativeTarget section */

/* Begin PBXProject section */
		AE1EDE3D22B4C9F10035384E /* Project object */ = {
			isa = PBXProject;
			attributes = {
				LastSwiftUpdateCheck = 1020;
				LastUpgradeCheck = 1020;
				ORGANIZATIONNAME = "澤田昂明";
				TargetAttributes = {
					AE1EDE4422B4C9F10035384E = {
						CreatedOnToolsVersion = 10.2.1;
					};
					AE1EDE5822B4C9F30035384E = {
						CreatedOnToolsVersion = 10.2.1;
						TestTargetID = AE1EDE4422B4C9F10035384E;
					};
					AE1EDE6322B4C9F30035384E = {
						CreatedOnToolsVersion = 10.2.1;
						TestTargetID = AE1EDE4422B4C9F10035384E;
					};
				};
			};
			buildConfigurationList = AE1EDE4022B4C9F10035384E /* Build configuration list for PBXProject "ReMember" */;
			compatibilityVersion = "Xcode 9.3";
			developmentRegion = en;
			hasScannedForEncodings = 0;
			knownRegions = (
				en,
				Base,
			);
			mainGroup = AE1EDE3C22B4C9F10035384E;
			productRefGroup = AE1EDE4622B4C9F10035384E /* Products */;
			projectDirPath = "";
			projectRoot = "";
			targets = (
				AE1EDE4422B4C9F10035384E /* ReMember */,
				AE1EDE5822B4C9F30035384E /* ReMemberTests */,
				AE1EDE6322B4C9F30035384E /* ReMemberUITests */,
			);
		};
/* End PBXProject section */

/* Begin PBXResourcesBuildPhase section */
		AE1EDE4322B4C9F10035384E /* Resources */ = {
			isa = PBXResourcesBuildPhase;
			buildActionMask = 2147483647;
			files = (
				AE1EDE5322B4C9F30035384E /* LaunchScreen.storyboard in Resources */,
				AE1EDE5022B4C9F30035384E /* Assets.xcassets in Resources */,
				AE1EDE4E22B4C9F10035384E /* Main.storyboard in Resources */,
			);
			runOnlyForDeploymentPostprocessing = 0;
		};
		AE1EDE5722B4C9F30035384E /* Resources */ = {
			isa = PBXResourcesBuildPhase;
			buildActionMask = 2147483647;
			files = (
			);
			runOnlyForDeploymentPostprocessing = 0;
		};
		AE1EDE6222B4C9F30035384E /* Resources */ = {
			isa = PBXResourcesBuildPhase;
			buildActionMask = 2147483647;
			files = (
			);
			runOnlyForDeploymentPostprocessing = 0;
		};
/* End PBXResourcesBuildPhase section */

/* Begin PBXSourcesBuildPhase section */
		AE1EDE4122B4C9F10035384E /* Sources */ = {
			isa = PBXSourcesBuildPhase;
			buildActionMask = 2147483647;
			files = (
				AE1EDE4B22B4C9F10035384E /* ViewController.swift in Sources */,
				AE1EDE4922B4C9F10035384E /* AppDelegate.swift in Sources */,
			);
			runOnlyForDeploymentPostprocessing = 0;
		};
		AE1EDE5522B4C9F30035384E /* Sources */ = {
			isa = PBXSourcesBuildPhase;
			buildActionMask = 2147483647;
			files = (
				AE1EDE5E22B4C9F30035384E /* ReMemberTests.swift in Sources */,
			);
			runOnlyForDeploymentPostprocessing = 0;
		};
		AE1EDE6022B4C9F30035384E /* Sources */ = {
			isa = PBXSourcesBuildPhase;
			buildActionMask = 2147483647;
			files = (
				AE1EDE6922B4C9F30035384E /* ReMemberUITests.swift in Sources */,
			);
			runOnlyForDeploymentPostprocessing = 0;
		};
/* End PBXSourcesBuildPhase section */

/* Begin PBXTargetDependency section */
		AE1EDE5B22B4C9F30035384E /* PBXTargetDependency */ = {
			isa = PBXTargetDependency;
			target = AE1EDE4422B4C9F10035384E /* ReMember */;
			targetProxy = AE1EDE5A22B4C9F30035384E /* PBXContainerItemProxy */;
		};
		AE1EDE6622B4C9F30035384E /* PBXTargetDependency */ = {
			isa = PBXTargetDependency;
			target = AE1EDE4422B4C9F10035384E /* ReMember */;
			targetProxy = AE1EDE6522B4C9F30035384E /* PBXContainerItemProxy */;
		};
/* End PBXTargetDependency section */

/* Begin PBXVariantGroup section */
		AE1EDE4C22B4C9F10035384E /* Main.storyboard */ = {
			isa = PBXVariantGroup;
			children = (
				AE1EDE4D22B4C9F10035384E /* Base */,
			);
			name = Main.storyboard;
			sourceTree = "<group>";
		};
		AE1EDE5122B4C9F30035384E /* LaunchScreen.storyboard */ = {
			isa = PBXVariantGroup;
			children = (
				AE1EDE5222B4C9F30035384E /* Base */,
			);
			name = LaunchScreen.storyboard;
			sourceTree = "<group>";
		};
/* End PBXVariantGroup section */

/* Begin XCBuildConfiguration section */
		AE1EDE6B22B4C9F30035384E /* Debug */ = {
			isa = XCBuildConfiguration;
			buildSettings = {
				ALWAYS_SEARCH_USER_PATHS = NO;
				CLANG_ANALYZER_NONNULL = YES;
				CLANG_ANALYZER_NUMBER_OBJECT_CONVERSION = YES_AGGRESSIVE;
				CLANG_CXX_LANGUAGE_STANDARD = "gnu++14";
				CLANG_CXX_LIBRARY = "libc++";
				CLANG_ENABLE_MODULES = YES;
				CLANG_ENABLE_OBJC_ARC = YES;
				CLANG_ENABLE_OBJC_WEAK = YES;
				CLANG_WARN_BLOCK_CAPTURE_AUTORELEASING = YES;
				CLANG_WARN_BOOL_CONVERSION = YES;
				CLANG_WARN_COMMA = YES;
				CLANG_WARN_CONSTANT_CONVERSION = YES;
				CLANG_WARN_DEPRECATED_OBJC_IMPLEMENTATIONS = YES;
				CLANG_WARN_DIRECT_OBJC_ISA_USAGE = YES_ERROR;
				CLANG_WARN_DOCUMENTATION_COMMENTS = YES;
				CLANG_WARN_EMPTY_BODY = YES;
				CLANG_WARN_ENUM_CONVERSION = YES;
				CLANG_WARN_INFINITE_RECURSION = YES;
				CLANG_WARN_INT_CONVERSION = YES;
				CLANG_WARN_NON_LITERAL_NULL_CONVERSION = YES;
				CLANG_WARN_OBJC_IMPLICIT_RETAIN_SELF = YES;
				CLANG_WARN_OBJC_LITERAL_CONVERSION = YES;
				CLANG_WARN_OBJC_ROOT_CLASS = YES_ERROR;
				CLANG_WARN_RANGE_LOOP_ANALYSIS = YES;
				CLANG_WARN_STRICT_PROTOTYPES = YES;
				CLANG_WARN_SUSPICIOUS_MOVE = YES;
				CLANG_WARN_UNGUARDED_AVAILABILITY = YES_AGGRESSIVE;
				CLANG_WARN_UNREACHABLE_CODE = YES;
				CLANG_WARN__DUPLICATE_METHOD_MATCH = YES;
				CODE_SIGN_IDENTITY = "iPhone Developer";
				COPY_PHASE_STRIP = NO;
				DEBUG_INFORMATION_FORMAT = dwarf;
				ENABLE_STRICT_OBJC_MSGSEND = YES;
				ENABLE_TESTABILITY = YES;
				GCC_C_LANGUAGE_STANDARD = gnu11;
				GCC_DYNAMIC_NO_PIC = NO;
				GCC_NO_COMMON_BLOCKS = YES;
				GCC_OPTIMIZATION_LEVEL = 0;
				GCC_PREPROCESSOR_DEFINITIONS = (
					"DEBUG=1",
					"$(inherited)",
				);
				GCC_WARN_64_TO_32_BIT_CONVERSION = YES;
				GCC_WARN_ABOUT_RETURN_TYPE = YES_ERROR;
				GCC_WARN_UNDECLARED_SELECTOR = YES;
				GCC_WARN_UNINITIALIZED_AUTOS = YES_AGGRESSIVE;
				GCC_WARN_UNUSED_FUNCTION = YES;
				GCC_WARN_UNUSED_VARIABLE = YES;
				IPHONEOS_DEPLOYMENT_TARGET = 12.2;
				MTL_ENABLE_DEBUG_INFO = INCLUDE_SOURCE;
				MTL_FAST_MATH = YES;
				ONLY_ACTIVE_ARCH = YES;
				SDKROOT = iphoneos;
				SWIFT_ACTIVE_COMPILATION_CONDITIONS = DEBUG;
				SWIFT_OPTIMIZATION_LEVEL = "-Onone";
			};
			name = Debug;
		};
		AE1EDE6C22B4C9F30035384E /* Release */ = {
			isa = XCBuildConfiguration;
			buildSettings = {
				ALWAYS_SEARCH_USER_PATHS = NO;
				CLANG_ANALYZER_NONNULL = YES;
				CLANG_ANALYZER_NUMBER_OBJECT_CONVERSION = YES_AGGRESSIVE;
				CLANG_CXX_LANGUAGE_STANDARD = "gnu++14";
				CLANG_CXX_LIBRARY = "libc++";
				CLANG_ENABLE_MODULES = YES;
				CLANG_ENABLE_OBJC_ARC = YES;
				CLANG_ENABLE_OBJC_WEAK = YES;
				CLANG_WARN_BLOCK_CAPTURE_AUTORELEASING = YES;
				CLANG_WARN_BOOL_CONVERSION = YES;
				CLANG_WARN_COMMA = YES;
				CLANG_WARN_CONSTANT_CONVERSION = YES;
				CLANG_WARN_DEPRECATED_OBJC_IMPLEMENTATIONS = YES;
				CLANG_WARN_DIRECT_OBJC_ISA_USAGE = YES_ERROR;
				CLANG_WARN_DOCUMENTATION_COMMENTS = YES;
				CLANG_WARN_EMPTY_BODY = YES;
				CLANG_WARN_ENUM_CONVERSION = YES;
				CLANG_WARN_INFINITE_RECURSION = YES;
				CLANG_WARN_INT_CONVERSION = YES;
				CLANG_WARN_NON_LITERAL_NULL_CONVERSION = YES;
				CLANG_WARN_OBJC_IMPLICIT_RETAIN_SELF = YES;
				CLANG_WARN_OBJC_LITERAL_CONVERSION = YES;
				CLANG_WARN_OBJC_ROOT_CLASS = YES_ERROR;
				CLANG_WARN_RANGE_LOOP_ANALYSIS = YES;
				CLANG_WARN_STRICT_PROTOTYPES = YES;
				CLANG_WARN_SUSPICIOUS_MOVE = YES;
				CLANG_WARN_UNGUARDED_AVAILABILITY = YES_AGGRESSIVE;
				CLANG_WARN_UNREACHABLE_CODE = YES;
				CLANG_WARN__DUPLICATE_METHOD_MATCH = YES;
				CODE_SIGN_IDENTITY = "iPhone Developer";
				COPY_PHASE_STRIP = NO;
				DEBUG_INFORMATION_FORMAT = "dwarf-with-dsym";
				ENABLE_NS_ASSERTIONS = NO;
				ENABLE_STRICT_OBJC_MSGSEND = YES;
				GCC_C_LANGUAGE_STANDARD = gnu11;
				GCC_NO_COMMON_BLOCKS = YES;
				GCC_WARN_64_TO_32_BIT_CONVERSION = YES;
				GCC_WARN_ABOUT_RETURN_TYPE = YES_ERROR;
				GCC_WARN_UNDECLARED_SELECTOR = YES;
				GCC_WARN_UNINITIALIZED_AUTOS = YES_AGGRESSIVE;
				GCC_WARN_UNUSED_FUNCTION = YES;
				GCC_WARN_UNUSED_VARIABLE = YES;
				IPHONEOS_DEPLOYMENT_TARGET = 12.2;
				MTL_ENABLE_DEBUG_INFO = NO;
				MTL_FAST_MATH = YES;
				SDKROOT = iphoneos;
				SWIFT_COMPILATION_MODE = wholemodule;
				SWIFT_OPTIMIZATION_LEVEL = "-O";
				VALIDATE_PRODUCT = YES;
			};
			name = Release;
		};
		AE1EDE6E22B4C9F30035384E /* Debug */ = {
			isa = XCBuildConfiguration;
			buildSettings = {
				ASSETCATALOG_COMPILER_APPICON_NAME = AppIcon;
				CODE_SIGN_STYLE = Automatic;
				DEVELOPMENT_TEAM = QZG94MSA64;
				INFOPLIST_FILE = ReMember/Info.plist;
				LD_RUNPATH_SEARCH_PATHS = (
					"$(inherited)",
					"@executable_path/Frameworks",
				);
				PRODUCT_BUNDLE_IDENTIFIER = khaki.ReMember;
				PRODUCT_NAME = "$(TARGET_NAME)";
				SWIFT_VERSION = 5.0;
				TARGETED_DEVICE_FAMILY = "1,2";
			};
			name = Debug;
		};
		AE1EDE6F22B4C9F30035384E /* Release */ = {
			isa = XCBuildConfiguration;
			buildSettings = {
				ASSETCATALOG_COMPILER_APPICON_NAME = AppIcon;
				CODE_SIGN_STYLE = Automatic;
				DEVELOPMENT_TEAM = QZG94MSA64;
				INFOPLIST_FILE = ReMember/Info.plist;
				LD_RUNPATH_SEARCH_PATHS = (
					"$(inherited)",
					"@executable_path/Frameworks",
				);
				PRODUCT_BUNDLE_IDENTIFIER = khaki.ReMember;
				PRODUCT_NAME = "$(TARGET_NAME)";
				SWIFT_VERSION = 5.0;
				TARGETED_DEVICE_FAMILY = "1,2";
			};
			name = Release;
		};
		AE1EDE7122B4C9F30035384E /* Debug */ = {
			isa = XCBuildConfiguration;
			buildSettings = {
				ALWAYS_EMBED_SWIFT_STANDARD_LIBRARIES = YES;
				BUNDLE_LOADER = "$(TEST_HOST)";
				CODE_SIGN_STYLE = Automatic;
				DEVELOPMENT_TEAM = QZG94MSA64;
				INFOPLIST_FILE = ReMemberTests/Info.plist;
				LD_RUNPATH_SEARCH_PATHS = (
					"$(inherited)",
					"@executable_path/Frameworks",
					"@loader_path/Frameworks",
				);
				PRODUCT_BUNDLE_IDENTIFIER = khaki.ReMemberTests;
				PRODUCT_NAME = "$(TARGET_NAME)";
				SWIFT_VERSION = 5.0;
				TARGETED_DEVICE_FAMILY = "1,2";
				TEST_HOST = "$(BUILT_PRODUCTS_DIR)/ReMember.app/ReMember";
			};
			name = Debug;
		};
		AE1EDE7222B4C9F30035384E /* Release */ = {
			isa = XCBuildConfiguration;
			buildSettings = {
				ALWAYS_EMBED_SWIFT_STANDARD_LIBRARIES = YES;
				BUNDLE_LOADER = "$(TEST_HOST)";
				CODE_SIGN_STYLE = Automatic;
				DEVELOPMENT_TEAM = QZG94MSA64;
				INFOPLIST_FILE = ReMemberTests/Info.plist;
				LD_RUNPATH_SEARCH_PATHS = (
					"$(inherited)",
					"@executable_path/Frameworks",
					"@loader_path/Frameworks",
				);
				PRODUCT_BUNDLE_IDENTIFIER = khaki.ReMemberTests;
				PRODUCT_NAME = "$(TARGET_NAME)";
				SWIFT_VERSION = 5.0;
				TARGETED_DEVICE_FAMILY = "1,2";
				TEST_HOST = "$(BUILT_PRODUCTS_DIR)/ReMember.app/ReMember";
			};
			name = Release;
		};
		AE1EDE7422B4C9F30035384E /* Debug */ = {
			isa = XCBuildConfiguration;
			buildSettings = {
				ALWAYS_EMBED_SWIFT_STANDARD_LIBRARIES = YES;
				CODE_SIGN_STYLE = Automatic;
				DEVELOPMENT_TEAM = QZG94MSA64;
				INFOPLIST_FILE = ReMemberUITests/Info.plist;
				LD_RUNPATH_SEARCH_PATHS = (
					"$(inherited)",
					"@executable_path/Frameworks",
					"@loader_path/Frameworks",
				);
				PRODUCT_BUNDLE_IDENTIFIER = khaki.ReMemberUITests;
				PRODUCT_NAME = "$(TARGET_NAME)";
				SWIFT_VERSION = 5.0;
				TARGETED_DEVICE_FAMILY = "1,2";
				TEST_TARGET_NAME = ReMember;
			};
			name = Debug;
		};
		AE1EDE7522B4C9F30035384E /* Release */ = {
			isa = XCBuildConfiguration;
			buildSettings = {
				ALWAYS_EMBED_SWIFT_STANDARD_LIBRARIES = YES;
				CODE_SIGN_STYLE = Automatic;
				DEVELOPMENT_TEAM = QZG94MSA64;
				INFOPLIST_FILE = ReMemberUITests/Info.plist;
				LD_RUNPATH_SEARCH_PATHS = (
					"$(inherited)",
					"@executable_path/Frameworks",
					"@loader_path/Frameworks",
				);
				PRODUCT_BUNDLE_IDENTIFIER = khaki.ReMemberUITests;
				PRODUCT_NAME = "$(TARGET_NAME)";
				SWIFT_VERSION = 5.0;
				TARGETED_DEVICE_FAMILY = "1,2";
				TEST_TARGET_NAME = ReMember;
			};
			name = Release;
		};
/* End XCBuildConfiguration section */

/* Begin XCConfigurationList section */
		AE1EDE4022B4C9F10035384E /* Build configuration list for PBXProject "ReMember" */ = {
			isa = XCConfigurationList;
			buildConfigurations = (
				AE1EDE6B22B4C9F30035384E /* Debug */,
				AE1EDE6C22B4C9F30035384E /* Release */,
			);
			defaultConfigurationIsVisible = 0;
			defaultConfigurationName = Release;
		};
		AE1EDE6D22B4C9F30035384E /* Build configuration list for PBXNativeTarget "ReMember" */ = {
			isa = XCConfigurationList;
			buildConfigurations = (
				AE1EDE6E22B4C9F30035384E /* Debug */,
				AE1EDE6F22B4C9F30035384E /* Release */,
			);
			defaultConfigurationIsVisible = 0;
			defaultConfigurationName = Release;
		};
		AE1EDE7022B4C9F30035384E /* Build configuration list for PBXNativeTarget "ReMemberTests" */ = {
			isa = XCConfigurationList;
			buildConfigurations = (
				AE1EDE7122B4C9F30035384E /* Debug */,
				AE1EDE7222B4C9F30035384E /* Release */,
			);
			defaultConfigurationIsVisible = 0;
			defaultConfigurationName = Release;
		};
		AE1EDE7322B4C9F30035384E /* Build configuration list for PBXNativeTarget "ReMemberUITests" */ = {
			isa = XCConfigurationList;
			buildConfigurations = (
				AE1EDE7422B4C9F30035384E /* Debug */,
				AE1EDE7522B4C9F30035384E /* Release */,
			);
			defaultConfigurationIsVisible = 0;
			defaultConfigurationName = Release;
		};
/* End XCConfigurationList section */
	};
	rootObject = AE1EDE3D22B4C9F10035384E /* Project object */;
}
